# Generated by conda-lock.
# platform: win-64
# input_hash: ce7b69eb63f85fe9c4f89a148490ec7ea87b2fc66fdef0c7162dcc4e28d78b22
@EXPLICIT
https://conda.anaconda.org/conda-forge/win-64/ca-certificates-2023.11.17-h56e8100_0.conda#1163114b483f26761f993c709e65271f
https://conda.anaconda.org/conda-forge/win-64/intel-openmp-2023.2.0-h57928b3_50497.conda#a401f3cae152deb75bbed766a90a6312
https://conda.anaconda.org/conda-forge/win-64/libexpat-2.5.0-h63175ca_1.conda#636cc3cbbd2e28bcfd2f73b2044aac2c
https://conda.anaconda.org/conda-forge/noarch/pybind11-abi-4-hd8ed1ab_3.tar.bz2#878f923dd6acc8aeb47a75da6c4098be
https://conda.anaconda.org/conda-forge/win-64/python_abi-3.12-4_cp312.conda#17f4ccf6be9ded08bd0a376f489ac1a6
https://conda.anaconda.org/conda-forge/noarch/tzdata-2023d-h0c530f3_0.conda#8dee24b8be2d9ff81e7bd4d7d97ff1b0
https://conda.anaconda.org/conda-forge/win-64/ucrt-10.0.22621.0-h57928b3_0.tar.bz2#72608f6cd3e5898229c3ea16deb1ac43
https://conda.anaconda.org/conda-forge/win-64/vc14_runtime-14.38.33130-h82b7239_18.conda#8be79fdd2725ddf7bbf8a27a4c1f79ba
https://conda.anaconda.org/conda-forge/win-64/vc-14.3-hcf57466_18.conda#20e1e652a4c740fa719002a8449994a2
https://conda.anaconda.org/conda-forge/win-64/vs2015_runtime-14.38.33130-hcb4865c_18.conda#10d42885e3ed84e575b454db30f1aa93
https://conda.anaconda.org/conda-forge/win-64/bzip2-1.0.8-hcfcfb64_5.conda#26eb8ca6ea332b675e11704cce84a3be
https://conda.anaconda.org/conda-forge/win-64/fmt-10.1.1-h181d51b_1.conda#78dcab83827f41410cf1e70d39d3b36e
https://conda.anaconda.org/conda-forge/win-64/libffi-3.4.2-h8ffe710_5.tar.bz2#2c96d1b6915b408893f9472569dee135
https://conda.anaconda.org/conda-forge/win-64/libiconv-1.17-hcfcfb64_2.conda#e1eb10b1cca179f2baa3601e4efc8712
https://conda.anaconda.org/conda-forge/win-64/libsqlite-3.44.2-hcfcfb64_0.conda#4a5f5ab56cbf3ccd08d71a1168061213
https://conda.anaconda.org/conda-forge/win-64/libzlib-1.2.13-hcfcfb64_5.conda#5fdb9c6a113b6b6cb5e517fd972d5f41
https://conda.anaconda.org/conda-forge/win-64/lz4-c-1.9.4-hcfcfb64_0.conda#e34720eb20a33fc3bfb8451dd837ab7a
https://conda.anaconda.org/conda-forge/win-64/lzo-2.10-he774522_1000.tar.bz2#d5cf4b7eaa52316f135eed9e8548ad57
https://conda.anaconda.org/conda-forge/win-64/openssl-3.2.0-hcfcfb64_1.conda#d10167022f99bad12ee07dea022d5830
https://conda.anaconda.org/conda-forge/win-64/pthreads-win32-2.9.1-hfa6e2cd_3.tar.bz2#e2da8758d7d51ff6aa78a14dfb9dbed4
https://conda.anaconda.org/conda-forge/win-64/reproc-14.2.4.post0-hcfcfb64_1.conda#887478162e563ea09451b19c22b1605b
https://conda.anaconda.org/conda-forge/win-64/tk-8.6.13-h5226925_1.conda#fc048363eb8f03cd1737600a5d08aafe
https://conda.anaconda.org/conda-forge/win-64/xz-5.2.6-h8d14728_0.tar.bz2#515d77642eaa3639413c6b1bc3f94219
https://conda.anaconda.org/conda-forge/win-64/yaml-cpp-0.8.0-h63175ca_0.conda#9032e2129ea7afcc1a8e3d85715a931d
https://conda.anaconda.org/conda-forge/win-64/krb5-1.21.2-heb0366b_0.conda#6e8b0f22b4eef3b3cb3849bb4c3d47f9
https://conda.anaconda.org/conda-forge/win-64/libsolv-0.7.27-h12be248_0.conda#a62f8a595db21c4886cedd46cc842d63
https://conda.anaconda.org/conda-forge/win-64/libssh2-1.11.0-h7dfc565_0.conda#dc262d03aae04fe26825062879141a41
https://conda.anaconda.org/conda-forge/win-64/libxml2-2.11.6-hc3477c8_0.conda#08ffbb4c22dd3622e122058368f8b708
https://conda.anaconda.org/conda-forge/win-64/python-3.12.1-h2628c8c_1_cpython.conda#19f49a5c0aea545792ad88bb40dc1ec9
https://conda.anaconda.org/conda-forge/win-64/reproc-cpp-14.2.4.post0-h63175ca_1.conda#12fcd53cef836a4128c65c464ebb09d7
https://conda.anaconda.org/conda-forge/win-64/zstd-1.5.5-h12be248_0.conda#792bb5da68bf0a6cac6a6072ecb8dbeb
https://conda.anaconda.org/conda-forge/noarch/archspec-0.2.2-pyhd8ed1ab_0.conda#0dc2fce00a160271714647c019e3a8a8
https://conda.anaconda.org/conda-forge/noarch/boltons-23.1.1-pyhd8ed1ab_0.conda#56febe65315cc388a5d20adf2b39a74d
https://conda.anaconda.org/conda-forge/win-64/brotli-python-1.1.0-py312h53d5487_1.conda#d01a6667b99f0e8ad4097af66c938e62
https://conda.anaconda.org/conda-forge/noarch/certifi-2023.11.17-pyhd8ed1ab_0.conda#2011bcf45376341dd1d690263fdbc789
https://conda.anaconda.org/conda-forge/noarch/charset-normalizer-3.3.2-pyhd8ed1ab_0.conda#7f4a9e3fcff3f6356ae99244a014da6a
https://conda.anaconda.org/conda-forge/noarch/colorama-0.4.6-pyhd8ed1ab_0.tar.bz2#3faab06a954c2a04039983f2c4a50d99
https://conda.anaconda.org/conda-forge/noarch/crashtest-0.4.1-pyhd8ed1ab_0.tar.bz2#709a2295dd907bb34afb57d54320642f
https://conda.anaconda.org/conda-forge/noarch/distlib-0.3.8-pyhd8ed1ab_0.conda#db16c66b759a64dc5183d69cc3745a52
https://conda.anaconda.org/conda-forge/noarch/distro-1.9.0-pyhd8ed1ab_0.conda#bbdb409974cd6cb30071b1d978302726
https://conda.anaconda.org/conda-forge/noarch/filelock-3.13.1-pyhd8ed1ab_0.conda#0c1729b74a8152fde6a38ba0a2ab9f45
https://conda.anaconda.org/conda-forge/noarch/idna-3.6-pyhd8ed1ab_0.conda#1a76f09108576397c41c0b0c5bd84134
https://conda.anaconda.org/conda-forge/win-64/jsonpointer-2.4-py312h2e8e312_3.conda#9d9572e257bf4559f20629efb0d3511d
https://conda.anaconda.org/conda-forge/win-64/libarchive-3.7.2-h6f8411a_0.conda#ef46bb4b1613b308b957a25407ff6f5b
https://conda.anaconda.org/conda-forge/win-64/libcurl-8.5.0-hd5e4a3a_0.conda#c95eb3d60266dd47b8eb864e10d6bcf3
https://conda.anaconda.org/conda-forge/win-64/libhwloc-2.9.3-default_haede6df_1009.conda#87da045f6d26ce9fe20ad76a18f6a18a
https://conda.anaconda.org/conda-forge/win-64/menuinst-2.0.2-py312h53d5487_0.conda#ca8ca67bb6733fb295abd3c4e749ae13
https://conda.anaconda.org/conda-forge/noarch/more-itertools-10.2.0-pyhd8ed1ab_0.conda#d5c98e9706fdc5328d49a9bf2ce5fb42
https://conda.anaconda.org/conda-forge/win-64/msgpack-python-1.0.7-py312h0d7def4_0.conda#d99e74b66f04a1413cff5161f65cd4c9
https://conda.anaconda.org/conda-forge/noarch/packaging-23.2-pyhd8ed1ab_0.conda#79002079284aa895f883c6b7f3f88fd6
https://conda.anaconda.org/conda-forge/noarch/pkginfo-1.9.6-pyhd8ed1ab_0.conda#be1e9f1c65a1ed0f2ae9352fec99db64
https://conda.anaconda.org/conda-forge/noarch/pluggy-1.3.0-pyhd8ed1ab_0.conda#2390bd10bed1f3fdc7a537fb5a447d8d
https://conda.anaconda.org/conda-forge/noarch/poetry-core-1.8.1-pyhd8ed1ab_0.conda#a013d99ae50670b823c511f7274d2d2a
https://conda.anaconda.org/conda-forge/noarch/ptyprocess-0.7.0-pyhd3deb0d_0.tar.bz2#359eeb6536da0e687af562ed265ec263
https://conda.anaconda.org/conda-forge/win-64/pycosat-0.6.6-py312he70551f_0.conda#619f8a019eaeffff3c9507fd2f5769c2
https://conda.anaconda.org/conda-forge/noarch/pycparser-2.21-pyhd8ed1ab_0.tar.bz2#076becd9e05608f8dc72757d5f3a91ff
https://conda.anaconda.org/conda-forge/noarch/python-fastjsonschema-2.19.1-pyhd8ed1ab_0.conda#4d3ceee3af4b0f9a1f48f57176bf8625
https://conda.anaconda.org/conda-forge/noarch/python-installer-0.7.0-pyhd8ed1ab_0.conda#65dea78f903d686c8b0c2feaf0e15e1f
https://conda.anaconda.org/conda-forge/win-64/pywin32-ctypes-0.2.2-py312h2e8e312_1.conda#93a37178188cd6521e5410763a18aaf4
https://conda.anaconda.org/conda-forge/win-64/ruamel.yaml.clib-0.2.7-py312he70551f_2.conda#ef47a90d50c6d69c9697038f9c01a6cb
https://conda.anaconda.org/conda-forge/noarch/setuptools-69.0.3-pyhd8ed1ab_0.conda#40695fdfd15a92121ed2922900d0308b
https://conda.anaconda.org/conda-forge/noarch/shellingham-1.5.4-pyhd8ed1ab_0.conda#d08db09a552699ee9e7eec56b4eb3899
https://conda.anaconda.org/conda-forge/noarch/tomli-2.0.1-pyhd8ed1ab_0.tar.bz2#5844808ffab9ebdb694585b50ba02a96
https://conda.anaconda.org/conda-forge/noarch/tomlkit-0.12.3-pyha770c72_0.conda#074d0ce7a6261ab8b497c3518796ef3e
https://conda.anaconda.org/conda-forge/noarch/trove-classifiers-2024.1.8-pyhd8ed1ab_0.conda#b120d43603f9b021d252fb7754b35557
https://conda.anaconda.org/conda-forge/noarch/truststore-0.8.0-pyhd8ed1ab_0.conda#08316d001eca8854392cf2837828ea11
https://conda.anaconda.org/conda-forge/noarch/typing_extensions-4.9.0-pyha770c72_0.conda#a92a6440c3fe7052d63244f3aba2a4a7
https://conda.anaconda.org/conda-forge/noarch/wheel-0.42.0-pyhd8ed1ab_0.conda#1cdea58981c5cbc17b51973bcaddcea7
https://conda.anaconda.org/conda-forge/noarch/win_inet_pton-1.1.0-pyhd8ed1ab_6.tar.bz2#30878ecc4bd36e8deeea1e3c151b2e0b
https://conda.anaconda.org/conda-forge/noarch/zipp-3.17.0-pyhd8ed1ab_0.conda#2e4d6bc0b14e10f895fc6791a7d9b26a
https://conda.anaconda.org/conda-forge/win-64/cffi-1.16.0-py312he70551f_0.conda#5a51096925d52332c62bfd8904899055
https://conda.anaconda.org/conda-forge/noarch/importlib-metadata-7.0.1-pyha770c72_0.conda#746623a787e06191d80a2133e5daff17
https://conda.anaconda.org/conda-forge/noarch/jaraco.classes-3.3.0-pyhd8ed1ab_0.conda#e9f79248d30e942f7c358ff21a1790f5
https://conda.anaconda.org/conda-forge/noarch/jsonpatch-1.33-pyhd8ed1ab_0.conda#bfdb7c5c6ad1077c82a69a8642c87aff
https://conda.anaconda.org/conda-forge/win-64/libmamba-1.5.6-h3f09ed1_0.conda#b9773f18a59065a8933ba439fe60e2c3
https://conda.anaconda.org/conda-forge/noarch/pexpect-4.8.0-pyh1a96a4e_2.tar.bz2#330448ce4403cc74990ac07c555942a1
https://conda.anaconda.org/conda-forge/noarch/pip-23.3.2-pyhd8ed1ab_0.conda#8591c748f98dcc02253003533bc2e4b1
https://conda.anaconda.org/conda-forge/noarch/poetry-plugin-export-1.6.0-pyhd8ed1ab_0.conda#1f2184db9f337d1074b1d5769165cac9
https://conda.anaconda.org/conda-forge/noarch/pyproject_hooks-1.0.0-pyhd8ed1ab_0.conda#21de50391d584eb7f4441b9de1ad773f
https://conda.anaconda.org/conda-forge/noarch/pysocks-1.7.1-pyh0701188_6.tar.bz2#56cd9fe388baac0e90c7149cfac95b60
https://conda.anaconda.org/conda-forge/win-64/ruamel.yaml-0.18.5-py312he70551f_0.conda#e4d62d455007c8ffc251431a52bd9319
https://conda.anaconda.org/conda-forge/win-64/tbb-2021.11.0-h91493d7_0.conda#517c08eba817fb0e56cfd411ed198261
https://conda.anaconda.org/conda-forge/noarch/tqdm-4.66.1-pyhd8ed1ab_0.conda#03c97908b976498dcae97eb4e4f3149c
https://conda.anaconda.org/conda-forge/noarch/typing-extensions-4.9.0-hd8ed1ab_0.conda#c16524c1b7227dc80b36b4fa6f77cc86
https://conda.anaconda.org/conda-forge/win-64/keyring-24.3.0-py312h2e8e312_0.conda#b2ad5f984537e2705416e9de60e9bf52
https://conda.anaconda.org/conda-forge/win-64/libmambapy-1.5.6-py312h66cf91f_0.conda#efd9aba451517607304b1934ed4ee494
https://conda.anaconda.org/conda-forge/win-64/mkl-2023.2.0-h6a75c08_50497.conda#064cea9f45531e7b53584acf4bd8b044
https://conda.anaconda.org/conda-forge/noarch/platformdirs-3.11.0-pyhd8ed1ab_0.conda#8f567c0a74aa44cf732f15773b4083b0
https://conda.anaconda.org/conda-forge/noarch/python-build-1.0.3-pyhd8ed1ab_0.conda#d9ccabf228cb98419ca3d5694b25e1a2
https://conda.anaconda.org/conda-forge/noarch/urllib3-2.1.0-pyhd8ed1ab_0.conda#f8ced8ee63830dec7ecc1be048d1470a
https://conda.anaconda.org/conda-forge/win-64/zstandard-0.22.0-py312h01d794b_0.conda#36f4394759b1d5de1699446cadb2c8f5
https://conda.anaconda.org/conda-forge/noarch/conda-package-streaming-0.9.0-pyhd8ed1ab_0.conda#38253361efb303deead3eab39ae9269b
https://conda.anaconda.org/conda-forge/win-64/dulwich-0.21.7-py312he70551f_0.conda#1e0108590564c5c3b7235bb735d1b334
https://conda.anaconda.org/conda-forge/win-64/libblas-3.9.0-20_win64_mkl.conda#6cad6cd2fbdeef4d651b8f752a4da960
https://conda.anaconda.org/conda-forge/noarch/requests-2.31.0-pyhd8ed1ab_0.conda#a30144e4156cdbb236f99ebb49828f8b
https://conda.anaconda.org/conda-forge/noarch/virtualenv-20.25.0-pyhd8ed1ab_0.conda#c119653cba436d8183c27bf6d190e587
https://conda.anaconda.org/conda-forge/noarch/cachecontrol-0.13.1-pyhd8ed1ab_0.conda#174bd699bb5aa9e2622eb4b288276ff8
https://conda.anaconda.org/conda-forge/noarch/conda-package-handling-2.2.0-pyh38be061_0.conda#8a3ae7f6318376aa08ea753367bb7dd6
https://conda.anaconda.org/conda-forge/win-64/libcblas-3.9.0-20_win64_mkl.conda#e6d36cfcb2f2dff0f659d2aa0813eb2d
https://conda.anaconda.org/conda-forge/win-64/liblapack-3.9.0-20_win64_mkl.conda#9510d07424d70fcac553d86b3e4a7c14
https://conda.anaconda.org/conda-forge/noarch/requests-toolbelt-1.0.0-pyhd8ed1ab_0.conda#99c98318c8646b08cc764f90ce98906e
https://conda.anaconda.org/conda-forge/noarch/cachecontrol-with-filecache-0.13.1-pyhd8ed1ab_0.conda#8c4781ca0893cff3a64423954ce234a1
https://conda.anaconda.org/conda-forge/win-64/numpy-1.26.3-py312h8753938_0.conda#ced1f13bc58bd594257fcd3b1912c450
https://conda.anaconda.org/conda-forge/win-64/rapidfuzz-3.6.1-py312h53d5487_0.conda#b01f0ddbb8061d4632b736cc73a5f6aa
https://conda.anaconda.org/conda-forge/noarch/cleo-2.1.0-pyhd8ed1ab_0.conda#69569ea8a6d1465193345a40421d138b
https://conda.anaconda.org/conda-forge/noarch/poetry-1.7.1-win_pyh7428d3b_0.conda#40353a0da2dabf3c044136c802ff77bb
https://conda.anaconda.org/conda-forge/win-64/conda-23.11.0-py312h2e8e312_1.conda#741f165f5dd50d11461b15c123b93782
https://conda.anaconda.org/conda-forge/noarch/conda-libmamba-solver-23.12.0-pyhd8ed1ab_0.conda#e877d5150e73a0844ea2939be110c3b1
https://conda.anaconda.org/conda-forge/win-64/mamba-1.5.6-py312h5494d5c_0.conda#2b99a1797b991c1c70d54775b8588fc9
