# Generated by conda-lock.
# platform: linux-aarch64
# input_hash: bc3de0fcb97d5683373c177f2880616dffbe0acedde12d411f84c6ff91b56e83
@EXPLICIT
https://conda.anaconda.org/conda-forge/linux-aarch64/ca-certificates-2023.11.17-hcefe29a_0.conda#695a28440b58e3ba920bcac4ac7c73c6
https://conda.anaconda.org/conda-forge/linux-aarch64/ld_impl_linux-aarch64-2.40-h2d8c526_0.conda#16246d69e945d0b1969a6099e7c5d457
https://conda.anaconda.org/conda-forge/linux-aarch64/libgomp-13.2.0-hf8544c7_3.conda#191eb9058c6e97ca5fea3552e348a237
https://conda.anaconda.org/conda-forge/linux-aarch64/libstdcxx-ng-13.2.0-h9a76618_3.conda#7ad2164936c4975d94ca883d34809c0f
https://conda.anaconda.org/conda-forge/noarch/pybind11-abi-4-hd8ed1ab_3.tar.bz2#878f923dd6acc8aeb47a75da6c4098be
https://conda.anaconda.org/conda-forge/linux-aarch64/python_abi-3.12-4_cp312.conda#6c09f8e580146d88f649780cebed01de
https://conda.anaconda.org/conda-forge/noarch/tzdata-2023d-h0c530f3_0.conda#8dee24b8be2d9ff81e7bd4d7d97ff1b0
https://conda.anaconda.org/conda-forge/linux-aarch64/_openmp_mutex-4.5-2_gnu.tar.bz2#6168d71addc746e8f2b8d57dfd2edcea
https://conda.anaconda.org/conda-forge/linux-aarch64/libgcc-ng-13.2.0-hf8544c7_3.conda#00f021ee1a24c798ae53c87ee79597f1
https://conda.anaconda.org/conda-forge/linux-aarch64/bzip2-1.0.8-h31becfc_5.conda#a64e35f01e0b7a2a152eca87d33b9c87
https://conda.anaconda.org/conda-forge/linux-aarch64/c-ares-1.25.0-h31becfc_0.conda#0892c14dc88498d4cb727098141d365c
https://conda.anaconda.org/conda-forge/linux-aarch64/fmt-10.1.1-h2a328a1_1.conda#49695e320c2a672846a90ca623dce1da
https://conda.anaconda.org/conda-forge/linux-aarch64/gettext-0.21.1-ha18d298_0.tar.bz2#b109f1a4d22966793d61fd7f75b744c3
https://conda.anaconda.org/conda-forge/linux-aarch64/icu-73.2-h787c7f5_0.conda#9d3c29d71f28452a2e843aff8cbe09d2
https://conda.anaconda.org/conda-forge/linux-aarch64/keyutils-1.6.1-h4e544f5_0.tar.bz2#1f24853e59c68892452ef94ddd8afd4b
https://conda.anaconda.org/conda-forge/linux-aarch64/libev-4.33-h31becfc_2.conda#a9a13cb143bbaa477b1ebaefbe47a302
https://conda.anaconda.org/conda-forge/linux-aarch64/libexpat-2.5.0-hd600fc2_1.conda#6cd3d0a28437b3845c260f9d71d434d7
https://conda.anaconda.org/conda-forge/linux-aarch64/libffi-3.4.2-h3557bc0_5.tar.bz2#dddd85f4d52121fab0a8b099c5e06501
https://conda.anaconda.org/conda-forge/linux-aarch64/libgfortran5-13.2.0-h582850c_3.conda#d81dcb787465447542ad9c4cf0bab65e
https://conda.anaconda.org/conda-forge/linux-aarch64/libiconv-1.17-h31becfc_2.conda#9a8eb13f14de7d761555a98712e6df65
https://conda.anaconda.org/conda-forge/linux-aarch64/libnsl-2.0.1-h31becfc_0.conda#c14f32510f694e3185704d89967ec422
https://conda.anaconda.org/conda-forge/linux-aarch64/libuuid-2.38.1-hb4cce97_0.conda#000e30b09db0b7c775b21695dff30969
https://conda.anaconda.org/conda-forge/linux-aarch64/libxcrypt-4.4.36-h31becfc_1.conda#b4df5d7d4b63579d081fd3a4cf99740e
https://conda.anaconda.org/conda-forge/linux-aarch64/libzlib-1.2.13-h31becfc_5.conda#b213aa87eea9491ef7b129179322e955
https://conda.anaconda.org/conda-forge/linux-aarch64/lz4-c-1.9.4-hd600fc2_0.conda#500145a83ed07ce79c8cef24252f366b
https://conda.anaconda.org/conda-forge/linux-aarch64/lzo-2.10-h516909a_1000.tar.bz2#ef5661339990c399c68c71cfb341e6d7
https://conda.anaconda.org/conda-forge/linux-aarch64/ncurses-6.4-h0425590_2.conda#4ff0a396150dedad4269e16e5810f769
https://conda.anaconda.org/conda-forge/linux-aarch64/openssl-3.2.0-h31becfc_1.conda#b24247441ed7ce138382de2ec51200e4
https://conda.anaconda.org/conda-forge/linux-aarch64/reproc-14.2.4.post0-h31becfc_1.conda#c148bb4ba029a018527d3e4d5c7b63fa
https://conda.anaconda.org/conda-forge/linux-aarch64/xz-5.2.6-h9cdd2b7_0.tar.bz2#83baad393a31d59c20b63ba4da6592df
https://conda.anaconda.org/conda-forge/linux-aarch64/yaml-cpp-0.8.0-h2f0025b_0.conda#b5da38ee183c1e50e3e7ffb171a2eca5
https://conda.anaconda.org/conda-forge/linux-aarch64/expat-2.5.0-hd600fc2_1.conda#6dfca4be3e0080934b1105d009747e98
https://conda.anaconda.org/conda-forge/linux-aarch64/libedit-3.1.20191231-he28a2e2_2.tar.bz2#29371161d77933a54fccf1bb66b96529
https://conda.anaconda.org/conda-forge/linux-aarch64/libgfortran-ng-13.2.0-he9431aa_3.conda#6c292066bb9876d7ba35c590868baaeb
https://conda.anaconda.org/conda-forge/linux-aarch64/libnghttp2-1.58.0-hb0e430d_1.conda#8f724cdddffa79152de61f5564a3526b
https://conda.anaconda.org/conda-forge/linux-aarch64/libsolv-0.7.27-hd84c7bf_0.conda#7e092bca53956dd2fddb1eed62c22c29
https://conda.anaconda.org/conda-forge/linux-aarch64/libsqlite-3.44.2-h194ca79_0.conda#464a0dedd1131669324946ee1c13c1a5
https://conda.anaconda.org/conda-forge/linux-aarch64/libssh2-1.11.0-h492db2e_0.conda#45532845e121677ad328c9af9953f161
https://conda.anaconda.org/conda-forge/linux-aarch64/libxml2-2.12.3-h3091e33_0.conda#f7582eb42bcaa458503819687da6a143
https://conda.anaconda.org/conda-forge/linux-aarch64/pcre2-10.42-hd0f9c67_0.conda#683162253dd3b6c4d21bf037e59455f4
https://conda.anaconda.org/conda-forge/linux-aarch64/readline-8.2-h8fc344f_1.conda#105eb1e16bf83bfb2eb380a48032b655
https://conda.anaconda.org/conda-forge/linux-aarch64/reproc-cpp-14.2.4.post0-h2f0025b_1.conda#35148ef0f190022ca52cf6edd6bdc814
https://conda.anaconda.org/conda-forge/linux-aarch64/tk-8.6.13-h194ca79_0.conda#f75105e0585851f818e0009dd1dde4dc
https://conda.anaconda.org/conda-forge/linux-aarch64/zstd-1.5.5-h4c53e97_0.conda#b74eb9dbb5c3c15cb3cee7cbdf198c75
https://conda.anaconda.org/conda-forge/linux-aarch64/krb5-1.21.2-hc419048_0.conda#55b51af37bf6fdcfe06f140e62e8c8db
https://conda.anaconda.org/conda-forge/linux-aarch64/libarchive-3.7.2-hd2f85e0_1.conda#a0f2e7adbcdf4041d6ee273d07ca171e
https://conda.anaconda.org/conda-forge/linux-aarch64/libglib-2.78.3-h311d5f7_0.conda#09e44253dee99895f02cfad44dd8fea4
https://conda.anaconda.org/conda-forge/linux-aarch64/libopenblas-0.3.25-pthreads_h5a5ec62_0.conda#60e86bc93e3f213278dc5081115fb63b
https://conda.anaconda.org/conda-forge/linux-aarch64/python-3.12.1-h43d1f9e_1_cpython.conda#886aaa760e922b4f7e2522e2e0abd778
https://conda.anaconda.org/conda-forge/noarch/archspec-0.2.2-pyhd8ed1ab_0.conda#0dc2fce00a160271714647c019e3a8a8
https://conda.anaconda.org/conda-forge/noarch/boltons-23.1.1-pyhd8ed1ab_0.conda#56febe65315cc388a5d20adf2b39a74d
https://conda.anaconda.org/conda-forge/linux-aarch64/brotli-python-1.1.0-py312h2aa54b4_1.conda#7253fd6feb797007a3d290bbcfd23a84
https://conda.anaconda.org/conda-forge/noarch/certifi-2023.11.17-pyhd8ed1ab_0.conda#2011bcf45376341dd1d690263fdbc789
https://conda.anaconda.org/conda-forge/noarch/charset-normalizer-3.3.2-pyhd8ed1ab_0.conda#7f4a9e3fcff3f6356ae99244a014da6a
https://conda.anaconda.org/conda-forge/noarch/colorama-0.4.6-pyhd8ed1ab_0.tar.bz2#3faab06a954c2a04039983f2c4a50d99
https://conda.anaconda.org/conda-forge/noarch/crashtest-0.4.1-pyhd8ed1ab_0.tar.bz2#709a2295dd907bb34afb57d54320642f
https://conda.anaconda.org/conda-forge/linux-aarch64/dbus-1.13.6-h12b9eeb_3.tar.bz2#f3d63805602166bac09386741e00935e
https://conda.anaconda.org/conda-forge/noarch/distlib-0.3.8-pyhd8ed1ab_0.conda#db16c66b759a64dc5183d69cc3745a52
https://conda.anaconda.org/conda-forge/noarch/distro-1.9.0-pyhd8ed1ab_0.conda#bbdb409974cd6cb30071b1d978302726
https://conda.anaconda.org/conda-forge/noarch/filelock-3.13.1-pyhd8ed1ab_0.conda#0c1729b74a8152fde6a38ba0a2ab9f45
https://conda.anaconda.org/conda-forge/noarch/idna-3.6-pyhd8ed1ab_0.conda#1a76f09108576397c41c0b0c5bd84134
https://conda.anaconda.org/conda-forge/noarch/jeepney-0.8.0-pyhd8ed1ab_0.tar.bz2#9800ad1699b42612478755a2d26c722d
https://conda.anaconda.org/conda-forge/linux-aarch64/jsonpointer-2.4-py312h996f985_3.conda#9899db49e70426c9d32b027777088fb8
https://conda.anaconda.org/conda-forge/linux-aarch64/libblas-3.9.0-20_linuxaarch64_openblas.conda#11590ed0fb5cebe7bbfa4bab8d8b07f8
https://conda.anaconda.org/conda-forge/linux-aarch64/libcurl-8.5.0-h4e8248e_0.conda#fa0f5edc06ffc25a01eed005c6dc3d8c
https://conda.anaconda.org/conda-forge/linux-aarch64/menuinst-2.0.2-py312h996f985_0.conda#1a67b77c7711209b7bbed395f1a7f57e
https://conda.anaconda.org/conda-forge/noarch/more-itertools-10.2.0-pyhd8ed1ab_0.conda#d5c98e9706fdc5328d49a9bf2ce5fb42
https://conda.anaconda.org/conda-forge/linux-aarch64/msgpack-python-1.0.7-py312h721a97f_0.conda#23f5237a0807b8dc739bdb5853d2945c
https://conda.anaconda.org/conda-forge/noarch/packaging-23.2-pyhd8ed1ab_0.conda#79002079284aa895f883c6b7f3f88fd6
https://conda.anaconda.org/conda-forge/noarch/pkginfo-1.9.6-pyhd8ed1ab_0.conda#be1e9f1c65a1ed0f2ae9352fec99db64
https://conda.anaconda.org/conda-forge/noarch/pluggy-1.3.0-pyhd8ed1ab_0.conda#2390bd10bed1f3fdc7a537fb5a447d8d
https://conda.anaconda.org/conda-forge/noarch/poetry-core-1.8.1-pyhd8ed1ab_0.conda#a013d99ae50670b823c511f7274d2d2a
https://conda.anaconda.org/conda-forge/noarch/ptyprocess-0.7.0-pyhd3deb0d_0.tar.bz2#359eeb6536da0e687af562ed265ec263
https://conda.anaconda.org/conda-forge/linux-aarch64/pycosat-0.6.6-py312hdd3e373_0.conda#368a87e79b0c4bb0f97b103bbd4b5c75
https://conda.anaconda.org/conda-forge/noarch/pycparser-2.21-pyhd8ed1ab_0.tar.bz2#076becd9e05608f8dc72757d5f3a91ff
https://conda.anaconda.org/conda-forge/noarch/pysocks-1.7.1-pyha2e5f31_6.tar.bz2#2a7de29fb590ca14b5243c4c812c8025
https://conda.anaconda.org/conda-forge/noarch/python-fastjsonschema-2.19.1-pyhd8ed1ab_0.conda#4d3ceee3af4b0f9a1f48f57176bf8625
https://conda.anaconda.org/conda-forge/noarch/python-installer-0.7.0-pyhd8ed1ab_0.conda#65dea78f903d686c8b0c2feaf0e15e1f
https://conda.anaconda.org/conda-forge/linux-aarch64/ruamel.yaml.clib-0.2.7-py312hdd3e373_2.conda#ea944a8a9fce4de9a84143e3f7128134
https://conda.anaconda.org/conda-forge/noarch/setuptools-69.0.3-pyhd8ed1ab_0.conda#40695fdfd15a92121ed2922900d0308b
https://conda.anaconda.org/conda-forge/noarch/shellingham-1.5.4-pyhd8ed1ab_0.conda#d08db09a552699ee9e7eec56b4eb3899
https://conda.anaconda.org/conda-forge/noarch/tomli-2.0.1-pyhd8ed1ab_0.tar.bz2#5844808ffab9ebdb694585b50ba02a96
https://conda.anaconda.org/conda-forge/noarch/tomlkit-0.12.3-pyha770c72_0.conda#074d0ce7a6261ab8b497c3518796ef3e
https://conda.anaconda.org/conda-forge/noarch/trove-classifiers-2024.1.8-pyhd8ed1ab_0.conda#b120d43603f9b021d252fb7754b35557
https://conda.anaconda.org/conda-forge/noarch/truststore-0.8.0-pyhd8ed1ab_0.conda#08316d001eca8854392cf2837828ea11
https://conda.anaconda.org/conda-forge/noarch/typing_extensions-4.9.0-pyha770c72_0.conda#a92a6440c3fe7052d63244f3aba2a4a7
https://conda.anaconda.org/conda-forge/noarch/wheel-0.42.0-pyhd8ed1ab_0.conda#1cdea58981c5cbc17b51973bcaddcea7
https://conda.anaconda.org/conda-forge/noarch/zipp-3.17.0-pyhd8ed1ab_0.conda#2e4d6bc0b14e10f895fc6791a7d9b26a
https://conda.anaconda.org/conda-forge/linux-aarch64/cffi-1.16.0-py312hf3c74c0_0.conda#2b087fcfbe35a1bb081e1723b8c6362a
https://conda.anaconda.org/conda-forge/noarch/importlib-metadata-7.0.1-pyha770c72_0.conda#746623a787e06191d80a2133e5daff17
https://conda.anaconda.org/conda-forge/noarch/jaraco.classes-3.3.0-pyhd8ed1ab_0.conda#e9f79248d30e942f7c358ff21a1790f5
https://conda.anaconda.org/conda-forge/noarch/jsonpatch-1.33-pyhd8ed1ab_0.conda#bfdb7c5c6ad1077c82a69a8642c87aff
https://conda.anaconda.org/conda-forge/linux-aarch64/libcblas-3.9.0-20_linuxaarch64_openblas.conda#b41e55ae2cb9d3518da2cbe3677b3b3b
https://conda.anaconda.org/conda-forge/linux-aarch64/liblapack-3.9.0-20_linuxaarch64_openblas.conda#e7412a592d9ee7c92026eb1189687271
https://conda.anaconda.org/conda-forge/linux-aarch64/libmamba-1.5.6-hea3be6c_0.conda#feb0be90db1e014dde541cafa78efc15
https://conda.anaconda.org/conda-forge/noarch/pexpect-4.8.0-pyh1a96a4e_2.tar.bz2#330448ce4403cc74990ac07c555942a1
https://conda.anaconda.org/conda-forge/noarch/pip-23.3.2-pyhd8ed1ab_0.conda#8591c748f98dcc02253003533bc2e4b1
https://conda.anaconda.org/conda-forge/noarch/poetry-plugin-export-1.6.0-pyhd8ed1ab_0.conda#1f2184db9f337d1074b1d5769165cac9
https://conda.anaconda.org/conda-forge/noarch/pyproject_hooks-1.0.0-pyhd8ed1ab_0.conda#21de50391d584eb7f4441b9de1ad773f
https://conda.anaconda.org/conda-forge/linux-aarch64/ruamel.yaml-0.18.5-py312hdd3e373_0.conda#0e375e2cba5a2501ad822d9deedf9aaf
https://conda.anaconda.org/conda-forge/noarch/tqdm-4.66.1-pyhd8ed1ab_0.conda#03c97908b976498dcae97eb4e4f3149c
https://conda.anaconda.org/conda-forge/noarch/typing-extensions-4.9.0-hd8ed1ab_0.conda#c16524c1b7227dc80b36b4fa6f77cc86
https://conda.anaconda.org/conda-forge/noarch/urllib3-2.1.0-pyhd8ed1ab_0.conda#f8ced8ee63830dec7ecc1be048d1470a
https://conda.anaconda.org/conda-forge/linux-aarch64/cryptography-41.0.7-py312hc709039_1.conda#bd8d4ac4437b00b2f0d00d0e2303f8fd
https://conda.anaconda.org/conda-forge/linux-aarch64/dulwich-0.21.7-py312hdd3e373_0.conda#397a67598654b34b83057ff1a9cfff33
https://conda.anaconda.org/conda-forge/linux-aarch64/libmambapy-1.5.6-py312h1e39527_0.conda#037ef6053fa678b9e7ec1fccc83471e0
https://conda.anaconda.org/conda-forge/linux-aarch64/numpy-1.26.3-py312h470d778_0.conda#df857a4163668a976e4d91c7181514c0
https://conda.anaconda.org/conda-forge/noarch/platformdirs-3.11.0-pyhd8ed1ab_0.conda#8f567c0a74aa44cf732f15773b4083b0
https://conda.anaconda.org/conda-forge/noarch/python-build-1.0.3-pyhd8ed1ab_0.conda#d9ccabf228cb98419ca3d5694b25e1a2
https://conda.anaconda.org/conda-forge/noarch/requests-2.31.0-pyhd8ed1ab_0.conda#a30144e4156cdbb236f99ebb49828f8b
https://conda.anaconda.org/conda-forge/linux-aarch64/zstandard-0.22.0-py312hb120188_0.conda#8d83dc36d9d38c83c3d30dcb0e6c9f2c
https://conda.anaconda.org/conda-forge/noarch/cachecontrol-0.13.1-pyhd8ed1ab_0.conda#174bd699bb5aa9e2622eb4b288276ff8
https://conda.anaconda.org/conda-forge/noarch/conda-package-streaming-0.9.0-pyhd8ed1ab_0.conda#38253361efb303deead3eab39ae9269b
https://conda.anaconda.org/conda-forge/linux-aarch64/rapidfuzz-3.6.1-py312h2aa54b4_0.conda#f3a808a9b78a2924b7774a8cd3c942bf
https://conda.anaconda.org/conda-forge/noarch/requests-toolbelt-1.0.0-pyhd8ed1ab_0.conda#99c98318c8646b08cc764f90ce98906e
https://conda.anaconda.org/conda-forge/linux-aarch64/secretstorage-3.3.3-py312h8025657_2.conda#908598f88d4288b9cabc46ded32c5ee2
https://conda.anaconda.org/conda-forge/noarch/virtualenv-20.25.0-pyhd8ed1ab_0.conda#c119653cba436d8183c27bf6d190e587
https://conda.anaconda.org/conda-forge/noarch/cachecontrol-with-filecache-0.13.1-pyhd8ed1ab_0.conda#8c4781ca0893cff3a64423954ce234a1
https://conda.anaconda.org/conda-forge/noarch/cleo-2.1.0-pyhd8ed1ab_0.conda#69569ea8a6d1465193345a40421d138b
https://conda.anaconda.org/conda-forge/noarch/conda-package-handling-2.2.0-pyh38be061_0.conda#8a3ae7f6318376aa08ea753367bb7dd6
https://conda.anaconda.org/conda-forge/linux-aarch64/keyring-24.3.0-py312h996f985_0.conda#a08242a7a02d64380b5cf6a843f4356a
https://conda.anaconda.org/conda-forge/noarch/poetry-1.7.1-linux_pyha804496_0.conda#f4ead25aee9d567898e970a107bcac7e
https://conda.anaconda.org/conda-forge/linux-aarch64/conda-23.11.0-py312h996f985_1.conda#6137c0415bccff2c993b1fb7911f846d
https://conda.anaconda.org/conda-forge/noarch/conda-libmamba-solver-23.12.0-pyhd8ed1ab_0.conda#e877d5150e73a0844ea2939be110c3b1
https://conda.anaconda.org/conda-forge/linux-aarch64/mamba-1.5.6-py312hd80a4d2_0.conda#0b5841ba8450cf2d1f4b8e479ba16bc5
